
Microsoft Visual Studio Solution File, Format Version 12.00
# Visual Studio Version 17
VisualStudioVersion = 17.3.32922.545
MinimumVisualStudioVersion = 10.0.40219.1
Project("{FAE04EC0-301F-11D3-BF4B-00C04F79EFBC}") = "Vehicles", "Vehicles\Vehicles.csproj", "{23D9A348-6AD0-49CF-8B96-9BB8B3B320F3}"
EndProject
Project("{FAE04EC0-301F-11D3-BF4B-00C04F79EFBC}") = "Raiding", "Raiding\Raiding.csproj", "{F438B32D-4D06-4398-BB1E-18D9FE6AC01A}"
EndProject
Global
	GlobalSection(SolutionConfigurationPlatforms) = preSolution
		Debug|Any CPU = Debug|Any CPU
		Release|Any CPU = Release|Any CPU
	EndGlobalSection
	GlobalSection(ProjectConfigurationPlatforms) = postSolution
		{23D9A348-6AD0-49CF-8B96-9BB8B3B320F3}.Debug|Any CPU.ActiveCfg = Debug|Any CPU
		{23D9A348-6AD0-49CF-8B96-9BB8B3B320F3}.Debug|Any CPU.Build.0 = Debug|Any CPU
		{23D9A348-6AD0-49CF-8B96-9BB8B3B320F3}.Release|Any CPU.ActiveCfg = Release|Any CPU
		{23D9A348-6AD0-49CF-8B96-9BB8B3B320F3}.Release|Any CPU.Build.0 = Release|Any CPU
		{F438B32D-4D06-4398-BB1E-18D9FE6AC01A}.Debug|Any CPU.ActiveCfg = Debug|Any CPU
		{F438B32D-4D06-4398-BB1E-18D9FE6AC01A}.Debug|Any CPU.Build.0 = Debug|Any CPU
		{F438B32D-4D06-4398-BB1E-18D9FE6AC01A}.Release|Any CPU.ActiveCfg = Release|Any CPU
		{F438B32D-4D06-4398-BB1E-18D9FE6AC01A}.Release|Any CPU.Build.0 = Release|Any CPU
	EndGlobalSection
	GlobalSection(SolutionProperties) = preSolution
		HideSolutionNode = FALSE
	EndGlobalSection
	GlobalSection(ExtensibilityGlobals) = postSolution
		SolutionGuid = {BE13F851-3036-4B83-8003-761104F42AC4}
	EndGlobalSection
EndGlobal
